// !$*UTF8*$!
{
	archiveVersion = 1;
	classes = {
	};
	objectVersion = 50;
	objects = {

/* Begin PBXBuildFile section */
		B109636322CA428F00204628 /* AppDelegate.swift in Sources */ = {isa = PBXBuildFile; fileRef = B109636222CA428F00204628 /* AppDelegate.swift */; };
		B109636522CA428F00204628 /* HomeController.swift in Sources */ = {isa = PBXBuildFile; fileRef = B109636422CA428F00204628 /* HomeController.swift */; };
		B109636822CA428F00204628 /* Main.storyboard in Resources */ = {isa = PBXBuildFile; fileRef = B109636622CA428F00204628 /* Main.storyboard */; };
		B109636A22CA429000204628 /* Assets.xcassets in Resources */ = {isa = PBXBuildFile; fileRef = B109636922CA429000204628 /* Assets.xcassets */; };
		B109636D22CA429000204628 /* LaunchScreen.storyboard in Resources */ = {isa = PBXBuildFile; fileRef = B109636B22CA429000204628 /* LaunchScreen.storyboard */; };
		B109637522CA521C00204628 /* MenuController.swift in Sources */ = {isa = PBXBuildFile; fileRef = B109637422CA521C00204628 /* MenuController.swift */; };
/* End PBXBuildFile section */

/* Begin PBXFileReference section */
		B109635F22CA428F00204628 /* Twitter-Slide-Out.app */ = {isa = PBXFileReference; explicitFileType = wrapper.application; includeInIndex = 0; path = "Twitter-Slide-Out.app"; sourceTree = BUILT_PRODUCTS_DIR; };
		B109636222CA428F00204628 /* AppDelegate.swift */ = {isa = PBXFileReference; lastKnownFileType = sourcecode.swift; path = AppDelegate.swift; sourceTree = "<group>"; };
		B109636422CA428F00204628 /* HomeController.swift */ = {isa = PBXFileReference; lastKnownFileType = sourcecode.swift; path = HomeController.swift; sourceTree = "<group>"; };
		B109636722CA428F00204628 /* Base */ = {isa = PBXFileReference; lastKnownFileType = file.storyboard; name = Base; path = Base.lproj/Main.storyboard; sourceTree = "<group>"; };
		B109636922CA429000204628 /* Assets.xcassets */ = {isa = PBXFileReference; lastKnownFileType = folder.assetcatalog; path = Assets.xcassets; sourceTree = "<group>"; };
		B109636C22CA429000204628 /* Base */ = {isa = PBXFileReference; lastKnownFileType = file.storyboard; name = Base; path = Base.lproj/LaunchScreen.storyboard; sourceTree = "<group>"; };
		B109636E22CA429000204628 /* Info.plist */ = {isa = PBXFileReference; lastKnownFileType = text.plist.xml; path = Info.plist; sourceTree = "<group>"; };
		B109637422CA521C00204628 /* MenuController.swift */ = {isa = PBXFileReference; lastKnownFileType = sourcecode.swift; path = MenuController.swift; sourceTree = "<group>"; };
/* End PBXFileReference section */

/* Begin PBXFrameworksBuildPhase section */
		B109635C22CA428F00204628 /* Frameworks */ = {
			isa = PBXFrameworksBuildPhase;
			buildActionMask = 2147483647;
			files = (
			);
			runOnlyForDeploymentPostprocessing = 0;
		};
/* End PBXFrameworksBuildPhase section */

/* Begin PBXGroup section */
		B109635622CA428F00204628 = {
			isa = PBXGroup;
			children = (
				B109636122CA428F00204628 /* Twitter-Slide-Out */,
				B109636022CA428F00204628 /* Products */,
			);
			sourceTree = "<group>";
		};
		B109636022CA428F00204628 /* Products */ = {
			isa = PBXGroup;
			children = (
				B109635F22CA428F00204628 /* Twitter-Slide-Out.app */,
			);
			name = Products;
			sourceTree = "<group>";
		};
		B109636122CA428F00204628 /* Twitter-Slide-Out */ = {
			isa = PBXGroup;
			children = (
				B109637622CA522200204628 /* Controller */,
				B109636222CA428F00204628 /* AppDelegate.swift */,
				B109636622CA428F00204628 /* Main.storyboard */,
				B109636922CA429000204628 /* Assets.xcassets */,
				B109636B22CA429000204628 /* LaunchScreen.storyboard */,
				B109636E22CA429000204628 /* Info.plist */,
			);
			path = "Twitter-Slide-Out";
			sourceTree = "<group>";
		};
		B109637622CA522200204628 /* Controller */ = {
			isa = PBXGroup;
			children = (
				B109636422CA428F00204628 /* HomeController.swift */,
				B109637422CA521C00204628 /* MenuController.swift */,
			);
			path = Controller;
			sourceTree = "<group>";
		};
/* End PBXGroup section */

/* Begin PBXNativeTarget section */
		B109635E22CA428F00204628 /* Twitter-Slide-Out */ = {
			isa = PBXNativeTarget;
			buildConfigurationList = B109637122CA429000204628 /* Build configuration list for PBXNativeTarget "Twitter-Slide-Out" */;
			buildPhases = (
				B109635B22CA428F00204628 /* Sources */,
				B109635C22CA428F00204628 /* Frameworks */,
				B109635D22CA428F00204628 /* Resources */,
			);
			buildRules = (
			);
			dependencies = (
			);
			name = "Twitter-Slide-Out";
			productName = "Twitter-Slide-Out";
			productReference = B109635F22CA428F00204628 /* Twitter-Slide-Out.app */;
			productType = "com.apple.product-type.application";
		};
/* End PBXNativeTarget section */

/* Begin PBXProject section */
		B109635722CA428F00204628 /* Project object */ = {
			isa = PBXProject;
			attributes = {
				LastSwiftUpdateCheck = 1020;
				LastUpgradeCheck = 1020;
				ORGANIZATIONNAME = "Rishabh Raj";
				TargetAttributes = {
					B109635E22CA428F00204628 = {
						CreatedOnToolsVersion = 10.2.1;
					};
				};
			};
			buildConfigurationList = B109635A22CA428F00204628 /* Build configuration list for PBXProject "Twitter-Slide-Out" */;
			compatibilityVersion = "Xcode 9.3";
			developmentRegion = en;
			hasScannedForEncodings = 0;
			knownRegions = (
				en,
				Base,
			);
			mainGroup = B109635622CA428F00204628;
			productRefGroup = B109636022CA428F00204628 /* Products */;
			projectDirPath = "";
			projectRoot = "";
			targets = (
				B109635E22CA428F00204628 /* Twitter-Slide-Out */,
			);
		};
/* End PBXProject section */

/* Begin PBXResourcesBuildPhase section */
		B109635D22CA428F00204628 /* Resources */ = {
			isa = PBXResourcesBuildPhase;
			buildActionMask = 2147483647;
			files = (
				B109636D22CA429000204628 /* LaunchScreen.storyboard in Resources */,
				B109636A22CA429000204628 /* Assets.xcassets in Resources */,
				B109636822CA428F00204628 /* Main.storyboard in Resources */,
			);
			runOnlyForDeploymentPostprocessing = 0;
		};
/* End PBXResourcesBuildPhase section */

/* Begin PBXSourcesBuildPhase section */
		B109635B22CA428F00204628 /* Sources */ = {
			isa = PBXSourcesBuildPhase;
			buildActionMask = 2147483647;
			files = (
				B109636522CA428F00204628 /* HomeController.swift in Sources */,
				B109637522CA521C00204628 /* MenuController.swift in Sources */,
				B109636322CA428F00204628 /* AppDelegate.swift in Sources */,
			);
			runOnlyForDeploymentPostprocessing = 0;
		};
/* End PBXSourcesBuildPhase section */

/* Begin PBXVariantGroup section */
		B109636622CA428F00204628 /* Main.storyboard */ = {
			isa = PBXVariantGroup;
			children = (
				B109636722CA428F00204628 /* Base */,
			);
			name = Main.storyboard;
			sourceTree = "<group>";
		};
		B109636B22CA429000204628 /* LaunchScreen.storyboard */ = {
			isa = PBXVariantGroup;
			children = (
				B109636C22CA429000204628 /* Base */,
			);
			name = LaunchScreen.storyboard;
			sourceTree = "<group>";
		};
/* End PBXVariantGroup section */

/* Begin XCBuildConfiguration section */
		B109636F22CA429000204628 /* Debug */ = {
			isa = XCBuildConfiguration;
			buildSettings = {
				ALWAYS_SEARCH_USER_PATHS = NO;
				CLANG_ANALYZER_NONNULL = YES;
				CLANG_ANALYZER_NUMBER_OBJECT_CONVERSION = YES_AGGRESSIVE;
				CLANG_CXX_LANGUAGE_STANDARD = "gnu++14";
				CLANG_CXX_LIBRARY = "libc++";
				CLANG_ENABLE_MODULES = YES;
				CLANG_ENABLE_OBJC_ARC = YES;
				CLANG_ENABLE_OBJC_WEAK = YES;
				CLANG_WARN_BLOCK_CAPTURE_AUTORELEASING = YES;
				CLANG_WARN_BOOL_CONVERSION = YES;
				CLANG_WARN_COMMA = YES;
				CLANG_WARN_CONSTANT_CONVERSION = YES;
				CLANG_WARN_DEPRECATED_OBJC_IMPLEMENTATIONS = YES;
				CLANG_WARN_DIRECT_OBJC_ISA_USAGE = YES_ERROR;
				CLANG_WARN_DOCUMENTATION_COMMENTS = YES;
				CLANG_WARN_EMPTY_BODY = YES;
				CLANG_WARN_ENUM_CONVERSION = YES;
				CLANG_WARN_INFINITE_RECURSION = YES;
				CLANG_WARN_INT_CONVERSION = YES;
				CLANG_WARN_NON_LITERAL_NULL_CONVERSION = YES;
				CLANG_WARN_OBJC_IMPLICIT_RETAIN_SELF = YES;
				CLANG_WARN_OBJC_LITERAL_CONVERSION = YES;
				CLANG_WARN_OBJC_ROOT_CLASS = YES_ERROR;
				CLANG_WARN_RANGE_LOOP_ANALYSIS = YES;
				CLANG_WARN_STRICT_PROTOTYPES = YES;
				CLANG_WARN_SUSPICIOUS_MOVE = YES;
				CLANG_WARN_UNGUARDED_AVAILABILITY = YES_AGGRESSIVE;
				CLANG_WARN_UNREACHABLE_CODE = YES;
				CLANG_WARN__DUPLICATE_METHOD_MATCH = YES;
				CODE_SIGN_IDENTITY = "iPhone Developer";
				COPY_PHASE_STRIP = NO;
				DEBUG_INFORMATION_FORMAT = dwarf;
				ENABLE_STRICT_OBJC_MSGSEND = YES;
				ENABLE_TESTABILITY = YES;
				GCC_C_LANGUAGE_STANDARD = gnu11;
				GCC_DYNAMIC_NO_PIC = NO;
				GCC_NO_COMMON_BLOCKS = YES;
				GCC_OPTIMIZATION_LEVEL = 0;
				GCC_PREPROCESSOR_DEFINITIONS = (
					"DEBUG=1",
					"$(inherited)",
				);
				GCC_WARN_64_TO_32_BIT_CONVERSION = YES;
				GCC_WARN_ABOUT_RETURN_TYPE = YES_ERROR;
				GCC_WARN_UNDECLARED_SELECTOR = YES;
				GCC_WARN_UNINITIALIZED_AUTOS = YES_AGGRESSIVE;
				GCC_WARN_UNUSED_FUNCTION = YES;
				GCC_WARN_UNUSED_VARIABLE = YES;
				IPHONEOS_DEPLOYMENT_TARGET = 12.2;
				MTL_ENABLE_DEBUG_INFO = INCLUDE_SOURCE;
				MTL_FAST_MATH = YES;
				ONLY_ACTIVE_ARCH = YES;
				SDKROOT = iphoneos;
				SWIFT_ACTIVE_COMPILATION_CONDITIONS = DEBUG;
				SWIFT_OPTIMIZATION_LEVEL = "-Onone";
			};
			name = Debug;
		};
		B109637022CA429000204628 /* Release */ = {
			isa = XCBuildConfiguration;
			buildSettings = {
				ALWAYS_SEARCH_USER_PATHS = NO;
				CLANG_ANALYZER_NONNULL = YES;
				CLANG_ANALYZER_NUMBER_OBJECT_CONVERSION = YES_AGGRESSIVE;
				CLANG_CXX_LANGUAGE_STANDARD = "gnu++14";
				CLANG_CXX_LIBRARY = "libc++";
				CLANG_ENABLE_MODULES = YES;
				CLANG_ENABLE_OBJC_ARC = YES;
				CLANG_ENABLE_OBJC_WEAK = YES;
				CLANG_WARN_BLOCK_CAPTURE_AUTORELEASING = YES;
				CLANG_WARN_BOOL_CONVERSION = YES;
				CLANG_WARN_COMMA = YES;
				CLANG_WARN_CONSTANT_CONVERSION = YES;
				CLANG_WARN_DEPRECATED_OBJC_IMPLEMENTATIONS = YES;
				CLANG_WARN_DIRECT_OBJC_ISA_USAGE = YES_ERROR;
				CLANG_WARN_DOCUMENTATION_COMMENTS = YES;
				CLANG_WARN_EMPTY_BODY = YES;
				CLANG_WARN_ENUM_CONVERSION = YES;
				CLANG_WARN_INFINITE_RECURSION = YES;
				CLANG_WARN_INT_CONVERSION = YES;
				CLANG_WARN_NON_LITERAL_NULL_CONVERSION = YES;
				CLANG_WARN_OBJC_IMPLICIT_RETAIN_SELF = YES;
				CLANG_WARN_OBJC_LITERAL_CONVERSION = YES;
				CLANG_WARN_OBJC_ROOT_CLASS = YES_ERROR;
				CLANG_WARN_RANGE_LOOP_ANALYSIS = YES;
				CLANG_WARN_STRICT_PROTOTYPES = YES;
				CLANG_WARN_SUSPICIOUS_MOVE = YES;
				CLANG_WARN_UNGUARDED_AVAILABILITY = YES_AGGRESSIVE;
				CLANG_WARN_UNREACHABLE_CODE = YES;
				CLANG_WARN__DUPLICATE_METHOD_MATCH = YES;
				CODE_SIGN_IDENTITY = "iPhone Developer";
				COPY_PHASE_STRIP = NO;
				DEBUG_INFORMATION_FORMAT = "dwarf-with-dsym";
				ENABLE_NS_ASSERTIONS = NO;
				ENABLE_STRICT_OBJC_MSGSEND = YES;
				GCC_C_LANGUAGE_STANDARD = gnu11;
				GCC_NO_COMMON_BLOCKS = YES;
				GCC_WARN_64_TO_32_BIT_CONVERSION = YES;
				GCC_WARN_ABOUT_RETURN_TYPE = YES_ERROR;
				GCC_WARN_UNDECLARED_SELECTOR = YES;
				GCC_WARN_UNINITIALIZED_AUTOS = YES_AGGRESSIVE;
				GCC_WARN_UNUSED_FUNCTION = YES;
				GCC_WARN_UNUSED_VARIABLE = YES;
				IPHONEOS_DEPLOYMENT_TARGET = 12.2;
				MTL_ENABLE_DEBUG_INFO = NO;
				MTL_FAST_MATH = YES;
				SDKROOT = iphoneos;
				SWIFT_COMPILATION_MODE = wholemodule;
				SWIFT_OPTIMIZATION_LEVEL = "-O";
				VALIDATE_PRODUCT = YES;
			};
			name = Release;
		};
		B109637222CA429000204628 /* Debug */ = {
			isa = XCBuildConfiguration;
			buildSettings = {
				ASSETCATALOG_COMPILER_APPICON_NAME = AppIcon;
				CODE_SIGN_STYLE = Automatic;
				DEVELOPMENT_TEAM = 6J7Z474QUR;
				INFOPLIST_FILE = "Twitter-Slide-Out/Info.plist";
				LD_RUNPATH_SEARCH_PATHS = (
					"$(inherited)",
					"@executable_path/Frameworks",
				);
				PRODUCT_BUNDLE_IDENTIFIER = "com.rish-studio.Twitter-Slide-Out";
				PRODUCT_NAME = "$(TARGET_NAME)";
				SWIFT_VERSION = 5.0;
				TARGETED_DEVICE_FAMILY = "1,2";
			};
			name = Debug;
		};
		B109637322CA429000204628 /* Release */ = {
			isa = XCBuildConfiguration;
			buildSettings = {
				ASSETCATALOG_COMPILER_APPICON_NAME = AppIcon;
				CODE_SIGN_STYLE = Automatic;
				DEVELOPMENT_TEAM = 6J7Z474QUR;
				INFOPLIST_FILE = "Twitter-Slide-Out/Info.plist";
				LD_RUNPATH_SEARCH_PATHS = (
					"$(inherited)",
					"@executable_path/Frameworks",
				);
				PRODUCT_BUNDLE_IDENTIFIER = "com.rish-studio.Twitter-Slide-Out";
				PRODUCT_NAME = "$(TARGET_NAME)";
				SWIFT_VERSION = 5.0;
				TARGETED_DEVICE_FAMILY = "1,2";
			};
			name = Release;
		};
/* End XCBuildConfiguration section */

/* Begin XCConfigurationList section */
		B109635A22CA428F00204628 /* Build configuration list for PBXProject "Twitter-Slide-Out" */ = {
			isa = XCConfigurationList;
			buildConfigurations = (
				B109636F22CA429000204628 /* Debug */,
				B109637022CA429000204628 /* Release */,
			);
			defaultConfigurationIsVisible = 0;
			defaultConfigurationName = Release;
		};
		B109637122CA429000204628 /* Build configuration list for PBXNativeTarget "Twitter-Slide-Out" */ = {
			isa = XCConfigurationList;
			buildConfigurations = (
				B109637222CA429000204628 /* Debug */,
				B109637322CA429000204628 /* Release */,
			);
			defaultConfigurationIsVisible = 0;
			defaultConfigurationName = Release;
		};
/* End XCConfigurationList section */
	};
	rootObject = B109635722CA428F00204628 /* Project object */;
}
